
Microsoft Visual Studio Solution File, Format Version 12.00
# Visual Studio Version 16
VisualStudioVersion = 16.0.30517.126
MinimumVisualStudioVersion = 10.0.40219.1
Project("{FAE04EC0-301F-11D3-BF4B-00C04F79EFBC}") = "check-xml", "check-xml\check-xml.csproj", "{45746FBB-9C47-4B44-B591-DA642CEFD5EC}"
EndProject
Global
	GlobalSection(SolutionConfigurationPlatforms) = preSolution
		Debug|Any CPU = Debug|Any CPU
		Release|Any CPU = Release|Any CPU
	EndGlobalSection
	GlobalSection(ProjectConfigurationPlatforms) = postSolution
		{45746FBB-9C47-4B44-B591-DA642CEFD5EC}.Debug|Any CPU.ActiveCfg = Debug|Any CPU
		{45746FBB-9C47-4B44-B591-DA642CEFD5EC}.Debug|Any CPU.Build.0 = Debug|Any CPU
		{45746FBB-9C47-4B44-B591-DA642CEFD5EC}.Release|Any CPU.ActiveCfg = Release|Any CPU
		{45746FBB-9C47-4B44-B591-DA642CEFD5EC}.Release|Any CPU.Build.0 = Release|Any CPU
	EndGlobalSection
	GlobalSection(SolutionProperties) = preSolution
		HideSolutionNode = FALSE
	EndGlobalSection
	GlobalSection(ExtensibilityGlobals) = postSolution
		SolutionGuid = {BDB29968-24A2-4352-BA9C-F09EDB0A647A}
	EndGlobalSection
EndGlobal
